
Microsoft Visual Studio Solution File, Format Version 12.00
# Visual Studio Version 16
VisualStudioVersion = 16.0.30717.126
MinimumVisualStudioVersion = 10.0.40219.1
Project("{FAE04EC0-301F-11D3-BF4B-00C04F79EFBC}") = "Gizmo.NodeDesigner", "Gizmo.NodeDesigner\Gizmo.NodeDesigner.csproj", "{45F42DF2-3218-4188-AE1F-D5B8BBC546A0}"
EndProject
Project("{9A19103F-16F7-4668-BE54-9A1E7A4F7556}") = "Gizmo.NodeBase", "..\Gizmo.NodeBase\Gizmo.NodeBase\Gizmo.NodeBase.csproj", "{2DADFEFA-14ED-42D6-95FA-CE8F4852AAA4}"
EndProject
Project("{9A19103F-16F7-4668-BE54-9A1E7A4F7556}") = "Gizmo.NodeFramework", "..\Gizmo.NodeFramework\Gizmo.NodeFramework\Gizmo.NodeFramework.csproj", "{D0394096-F813-4639-A6C6-9FEC50D44558}"
EndProject
Project("{9A19103F-16F7-4668-BE54-9A1E7A4F7556}") = "Gizmo.NodeFrameworkUI", "..\Gizmo.NodeFrameworkUI\Gizmo.NodeFrameworkUI\Gizmo.NodeFrameworkUI.csproj", "{C96C4842-317E-4522-BE76-3B7030BE359B}"
EndProject
Global
	GlobalSection(SolutionConfigurationPlatforms) = preSolution
		Debug|Any CPU = Debug|Any CPU
		Release|Any CPU = Release|Any CPU
	EndGlobalSection
	GlobalSection(ProjectConfigurationPlatforms) = postSolution
		{45F42DF2-3218-4188-AE1F-D5B8BBC546A0}.Debug|Any CPU.ActiveCfg = Debug|Any CPU
		{45F42DF2-3218-4188-AE1F-D5B8BBC546A0}.Debug|Any CPU.Build.0 = Debug|Any CPU
		{45F42DF2-3218-4188-AE1F-D5B8BBC546A0}.Release|Any CPU.ActiveCfg = Release|Any CPU
		{45F42DF2-3218-4188-AE1F-D5B8BBC546A0}.Release|Any CPU.Build.0 = Release|Any CPU
		{2DADFEFA-14ED-42D6-95FA-CE8F4852AAA4}.Debug|Any CPU.ActiveCfg = Debug|Any CPU
		{2DADFEFA-14ED-42D6-95FA-CE8F4852AAA4}.Debug|Any CPU.Build.0 = Debug|Any CPU
		{2DADFEFA-14ED-42D6-95FA-CE8F4852AAA4}.Release|Any CPU.ActiveCfg = Release|Any CPU
		{2DADFEFA-14ED-42D6-95FA-CE8F4852AAA4}.Release|Any CPU.Build.0 = Release|Any CPU
		{D0394096-F813-4639-A6C6-9FEC50D44558}.Debug|Any CPU.ActiveCfg = Debug|Any CPU
		{D0394096-F813-4639-A6C6-9FEC50D44558}.Debug|Any CPU.Build.0 = Debug|Any CPU
		{D0394096-F813-4639-A6C6-9FEC50D44558}.Release|Any CPU.ActiveCfg = Release|Any CPU
		{D0394096-F813-4639-A6C6-9FEC50D44558}.Release|Any CPU.Build.0 = Release|Any CPU
		{C96C4842-317E-4522-BE76-3B7030BE359B}.Debug|Any CPU.ActiveCfg = Debug|Any CPU
		{C96C4842-317E-4522-BE76-3B7030BE359B}.Debug|Any CPU.Build.0 = Debug|Any CPU
		{C96C4842-317E-4522-BE76-3B7030BE359B}.Release|Any CPU.ActiveCfg = Release|Any CPU
		{C96C4842-317E-4522-BE76-3B7030BE359B}.Release|Any CPU.Build.0 = Release|Any CPU
	EndGlobalSection
	GlobalSection(SolutionProperties) = preSolution
		HideSolutionNode = FALSE
	EndGlobalSection
	GlobalSection(ExtensibilityGlobals) = postSolution
		SolutionGuid = {D1B6D1C3-1049-41F2-AE06-09CECFAFE057}
	EndGlobalSection
EndGlobal
